<?xml version="1.0" encoding="utf-8"?>
<Project ToolsVersion="4.0" xmlns="http://schemas.microsoft.com/developer/msbuild/2003">
  <ItemGroup>
    <Filter Include="Graphics">
      <UniqueIdentifier>{67DA6AB6-F800-4c08-8B7A-83BB121AAD01}</UniqueIdentifier>
      <Extensions>rc;ico;cur;bmp;dlg;rc2;rct;bin;rgs;gif;jpg;jpeg;jpe;resx;tiff;tif;png;wav;mfcribbon-ms</Extensions>
    </Filter>
    <Filter Include="Game">
      <UniqueIdentifier>{4FC737F1-C7A5-4376-A066-2A32D752A2FF}</UniqueIdentifier>
      <Extensions>cpp;c;cc;cxx;def;odl;idl;hpj;bat;asm;asmx</Extensions>
    </Filter>
    <Filter Include="GameTimer">
      <UniqueIdentifier>{11224011-6279-4442-982c-40641a13ba05}</UniqueIdentifier>
    </Filter>
    <Filter Include="Other">
      <UniqueIdentifier>{67f2f2c0-2be0-41f4-8732-581d45453f82}</UniqueIdentifier>
    </Filter>
  </ItemGroup>
  <ItemGroup>
    <ClCompile Include="GraphicsModule.cpp">
      <Filter>Graphics</Filter>
    </ClCompile>
    <ClCompile Include="GameModule.cpp">
      <Filter>Game</Filter>
    </ClCompile>
    <ClCompile Include="main.cpp" />
    <ClCompile Include="objects.cpp">
      <Filter>Graphics</Filter>
    </ClCompile>
    <ClCompile Include="pipeline.cpp">
      <Filter>Graphics</Filter>
    </ClCompile>
    <ClCompile Include="GameTimer.cpp">
      <Filter>GameTimer</Filter>
    </ClCompile>
    <ClCompile Include="window.cpp">
      <Filter>Game</Filter>
    </ClCompile>
    <ClCompile Include="objectmesh.cpp">
      <Filter>Graphics</Filter>
    </ClCompile>
    <ClCompile Include="physicslib.cpp">
      <Filter>Other</Filter>
    </ClCompile>
  </ItemGroup>
  <ItemGroup>
    <ClInclude Include="GraphicsModule.h">
      <Filter>Graphics</Filter>
    </ClInclude>
    <ClInclude Include="GameModule.h">
      <Filter>Game</Filter>
    </ClInclude>
    <ClInclude Include="objects.h">
      <Filter>Graphics</Filter>
    </ClInclude>
    <ClInclude Include="pipeline.h">
      <Filter>Graphics</Filter>
    </ClInclude>
    <ClInclude Include="GameTimer.h">
      <Filter>GameTimer</Filter>
    </ClInclude>
    <ClInclude Include="window.h">
      <Filter>Game</Filter>
    </ClInclude>
    <ClInclude Include="objectmesh.h">
      <Filter>Graphics</Filter>
    </ClInclude>
    <ClInclude Include="structsandincludes.h">
      <Filter>Other</Filter>
    </ClInclude>
    <ClInclude Include="physicslib.h">
      <Filter>Other</Filter>
    </ClInclude>
  </ItemGroup>
  <ItemGroup>
    <FxCompile Include="shaders.hlsl">
      <Filter>Graphics</Filter>
    </FxCompile>
  </ItemGroup>
</Project>